
Microsoft Visual Studio Solution File, Format Version 12.00
# Visual Studio Version 16
VisualStudioVersion = 16.0.30413.136
MinimumVisualStudioVersion = 10.0.40219.1
Project("{FAE04EC0-301F-11D3-BF4B-00C04F79EFBC}") = "PeopleStaff", "PeopleStaff.csproj", "{6C3F59C0-2885-4AF0-9C57-1A290D8B46C5}"
EndProject
Global
	GlobalSection(SolutionConfigurationPlatforms) = preSolution
		Debug|Any CPU = Debug|Any CPU
		Release|Any CPU = Release|Any CPU
	EndGlobalSection
	GlobalSection(ProjectConfigurationPlatforms) = postSolution
		{6C3F59C0-2885-4AF0-9C57-1A290D8B46C5}.Debug|Any CPU.ActiveCfg = Debug|Any CPU
		{6C3F59C0-2885-4AF0-9C57-1A290D8B46C5}.Debug|Any CPU.Build.0 = Debug|Any CPU
		{6C3F59C0-2885-4AF0-9C57-1A290D8B46C5}.Release|Any CPU.ActiveCfg = Release|Any CPU
		{6C3F59C0-2885-4AF0-9C57-1A290D8B46C5}.Release|Any CPU.Build.0 = Release|Any CPU
	EndGlobalSection
	GlobalSection(SolutionProperties) = preSolution
		HideSolutionNode = FALSE
	EndGlobalSection
	GlobalSection(ExtensibilityGlobals) = postSolution
		SolutionGuid = {B991C938-6982-4D35-9995-4B25C98F7ADA}
	EndGlobalSection
EndGlobal
